// !$*UTF8*$!
{
	archiveVersion = 1;
	classes = {
	};
	objectVersion = 46;
	objects = {

/* Begin PBXBuildFile section */
		592CEA4E1858CE8400BFE7BE /* Cocoa.framework in Frameworks */ = {isa = PBXBuildFile; fileRef = 592CEA4D1858CE8400BFE7BE /* Cocoa.framework */; };
		592CEA581858CE8400BFE7BE /* InfoPlist.strings in Resources */ = {isa = PBXBuildFile; fileRef = 592CEA561858CE8400BFE7BE /* InfoPlist.strings */; };
		592CEA5A1858CE8400BFE7BE /* main.m in Sources */ = {isa = PBXBuildFile; fileRef = 592CEA591858CE8400BFE7BE /* main.m */; };
		592CEA5E1858CE8400BFE7BE /* Credits.rtf in Resources */ = {isa = PBXBuildFile; fileRef = 592CEA5C1858CE8400BFE7BE /* Credits.rtf */; };
		592CEA611858CE8400BFE7BE /* AppDelegate.m in Sources */ = {isa = PBXBuildFile; fileRef = 592CEA601858CE8400BFE7BE /* AppDelegate.m */; };
		592CEA641858CE8400BFE7BE /* MainMenu.xib in Resources */ = {isa = PBXBuildFile; fileRef = 592CEA621858CE8400BFE7BE /* MainMenu.xib */; };
		592CEA661858CE8400BFE7BE /* Images.xcassets in Resources */ = {isa = PBXBuildFile; fileRef = 592CEA651858CE8400BFE7BE /* Images.xcassets */; };
		592CEA6D1858CE8400BFE7BE /* XCTest.framework in Frameworks */ = {isa = PBXBuildFile; fileRef = 592CEA6C1858CE8400BFE7BE /* XCTest.framework */; };
		592CEA6E1858CE8400BFE7BE /* Cocoa.framework in Frameworks */ = {isa = PBXBuildFile; fileRef = 592CEA4D1858CE8400BFE7BE /* Cocoa.framework */; };
		592CEA761858CE8400BFE7BE /* InfoPlist.strings in Resources */ = {isa = PBXBuildFile; fileRef = 592CEA741858CE8400BFE7BE /* InfoPlist.strings */; };
		592CEA781858CE8400BFE7BE /* FitbitNotifierTests.m in Sources */ = {isa = PBXBuildFile; fileRef = 592CEA771858CE8400BFE7BE /* FitbitNotifierTests.m */; };
		592CEA821858D42900BFE7BE /* NotifIco.png in Resources */ = {isa = PBXBuildFile; fileRef = 592CEA811858D42900BFE7BE /* NotifIco.png */; };
		592CEA851858D6B400BFE7BE /* FitbitAPIConnection.m in Sources */ = {isa = PBXBuildFile; fileRef = 592CEA841858D6B400BFE7BE /* FitbitAPIConnection.m */; };
		5979BEBA185905A800A905F3 /* NSMutableURLRequest+Parameters.m in Sources */ = {isa = PBXBuildFile; fileRef = 5979BE9F185905A800A905F3 /* NSMutableURLRequest+Parameters.m */; settings = {COMPILER_FLAGS = "-fno-objc-arc"; }; };
		5979BEBB185905A800A905F3 /* NSString+URLEncoding.m in Sources */ = {isa = PBXBuildFile; fileRef = 5979BEA1185905A800A905F3 /* NSString+URLEncoding.m */; settings = {COMPILER_FLAGS = "-fno-objc-arc"; }; };
		5979BEBC185905A800A905F3 /* NSURL+Base.m in Sources */ = {isa = PBXBuildFile; fileRef = 5979BEA3185905A800A905F3 /* NSURL+Base.m */; };
		5979BEBD185905A800A905F3 /* Base64Transcoder.c in Sources */ = {isa = PBXBuildFile; fileRef = 5979BEA4185905A800A905F3 /* Base64Transcoder.c */; };
		5979BEBE185905A800A905F3 /* OAAsynchronousDataFetcher.m in Sources */ = {isa = PBXBuildFile; fileRef = 5979BEA7185905A800A905F3 /* OAAsynchronousDataFetcher.m */; settings = {COMPILER_FLAGS = "-fno-objc-arc"; }; };
		5979BEBF185905A800A905F3 /* OAConsumer.m in Sources */ = {isa = PBXBuildFile; fileRef = 5979BEA9185905A800A905F3 /* OAConsumer.m */; settings = {COMPILER_FLAGS = "-fno-objc-arc"; }; };
		5979BEC0185905A800A905F3 /* OADataFetcher.m in Sources */ = {isa = PBXBuildFile; fileRef = 5979BEAB185905A800A905F3 /* OADataFetcher.m */; settings = {COMPILER_FLAGS = "-fno-objc-arc"; }; };
		5979BEC1185905A800A905F3 /* OAHMAC_SHA1SignatureProvider.m in Sources */ = {isa = PBXBuildFile; fileRef = 5979BEAD185905A800A905F3 /* OAHMAC_SHA1SignatureProvider.m */; settings = {COMPILER_FLAGS = "-fno-objc-arc"; }; };
		5979BEC2185905A800A905F3 /* OAMutableURLRequest.m in Sources */ = {isa = PBXBuildFile; fileRef = 5979BEAF185905A800A905F3 /* OAMutableURLRequest.m */; settings = {COMPILER_FLAGS = "-fno-objc-arc"; }; };
		5979BEC3185905A800A905F3 /* OAPlaintextSignatureProvider.m in Sources */ = {isa = PBXBuildFile; fileRef = 5979BEB1185905A800A905F3 /* OAPlaintextSignatureProvider.m */; settings = {COMPILER_FLAGS = "-fno-objc-arc"; }; };
		5979BEC4185905A800A905F3 /* OARequestParameter.m in Sources */ = {isa = PBXBuildFile; fileRef = 5979BEB3185905A800A905F3 /* OARequestParameter.m */; settings = {COMPILER_FLAGS = "-fno-objc-arc"; }; };
		5979BEC5185905A800A905F3 /* OAServiceTicket.m in Sources */ = {isa = PBXBuildFile; fileRef = 5979BEB5185905A800A905F3 /* OAServiceTicket.m */; settings = {COMPILER_FLAGS = "-fno-objc-arc"; }; };
		5979BEC6185905A800A905F3 /* OAToken.m in Sources */ = {isa = PBXBuildFile; fileRef = 5979BEB8185905A800A905F3 /* OAToken.m */; settings = {COMPILER_FLAGS = "-fno-objc-arc"; }; };
		599E05A21858E682007FB373 /* Security.framework in Frameworks */ = {isa = PBXBuildFile; fileRef = 599E05A11858E682007FB373 /* Security.framework */; };
		599E05A41858E689007FB373 /* SystemConfiguration.framework in Frameworks */ = {isa = PBXBuildFile; fileRef = 599E05A31858E689007FB373 /* SystemConfiguration.framework */; };
		599E05A61858E731007FB373 /* WebKit.framework in Frameworks */ = {isa = PBXBuildFile; fileRef = 599E05A51858E730007FB373 /* WebKit.framework */; };
/* End PBXBuildFile section */

/* Begin PBXContainerItemProxy section */
		592CEA6F1858CE8400BFE7BE /* PBXContainerItemProxy */ = {
			isa = PBXContainerItemProxy;
			containerPortal = 592CEA421858CE8400BFE7BE /* Project object */;
			proxyType = 1;
			remoteGlobalIDString = 592CEA491858CE8400BFE7BE;
			remoteInfo = FitbitNotifier;
		};
/* End PBXContainerItemProxy section */

/* Begin PBXFileReference section */
		592CEA4A1858CE8400BFE7BE /* FitbitNotifier.app */ = {isa = PBXFileReference; explicitFileType = wrapper.application; includeInIndex = 0; path = FitbitNotifier.app; sourceTree = BUILT_PRODUCTS_DIR; };
		592CEA4D1858CE8400BFE7BE /* Cocoa.framework */ = {isa = PBXFileReference; lastKnownFileType = wrapper.framework; name = Cocoa.framework; path = System/Library/Frameworks/Cocoa.framework; sourceTree = SDKROOT; };
		592CEA501858CE8400BFE7BE /* AppKit.framework */ = {isa = PBXFileReference; lastKnownFileType = wrapper.framework; name = AppKit.framework; path = System/Library/Frameworks/AppKit.framework; sourceTree = SDKROOT; };
		592CEA511858CE8400BFE7BE /* CoreData.framework */ = {isa = PBXFileReference; lastKnownFileType = wrapper.framework; name = CoreData.framework; path = System/Library/Frameworks/CoreData.framework; sourceTree = SDKROOT; };
		592CEA521858CE8400BFE7BE /* Foundation.framework */ = {isa = PBXFileReference; lastKnownFileType = wrapper.framework; name = Foundation.framework; path = System/Library/Frameworks/Foundation.framework; sourceTree = SDKROOT; };
		592CEA551858CE8400BFE7BE /* FitbitNotifier-Info.plist */ = {isa = PBXFileReference; lastKnownFileType = text.plist.xml; path = "FitbitNotifier-Info.plist"; sourceTree = "<group>"; };
		592CEA571858CE8400BFE7BE /* en */ = {isa = PBXFileReference; lastKnownFileType = text.plist.strings; name = en; path = en.lproj/InfoPlist.strings; sourceTree = "<group>"; };
		592CEA591858CE8400BFE7BE /* main.m */ = {isa = PBXFileReference; lastKnownFileType = sourcecode.c.objc; path = main.m; sourceTree = "<group>"; };
		592CEA5B1858CE8400BFE7BE /* FitbitNotifier-Prefix.pch */ = {isa = PBXFileReference; lastKnownFileType = sourcecode.c.h; path = "FitbitNotifier-Prefix.pch"; sourceTree = "<group>"; };
		592CEA5D1858CE8400BFE7BE /* en */ = {isa = PBXFileReference; lastKnownFileType = text.rtf; name = en; path = en.lproj/Credits.rtf; sourceTree = "<group>"; };
		592CEA5F1858CE8400BFE7BE /* AppDelegate.h */ = {isa = PBXFileReference; lastKnownFileType = sourcecode.c.h; path = AppDelegate.h; sourceTree = "<group>"; };
		592CEA601858CE8400BFE7BE /* AppDelegate.m */ = {isa = PBXFileReference; lastKnownFileType = sourcecode.c.objc; path = AppDelegate.m; sourceTree = "<group>"; };
		592CEA631858CE8400BFE7BE /* Base */ = {isa = PBXFileReference; lastKnownFileType = file.xib; name = Base; path = Base.lproj/MainMenu.xib; sourceTree = "<group>"; };
		592CEA651858CE8400BFE7BE /* Images.xcassets */ = {isa = PBXFileReference; lastKnownFileType = folder.assetcatalog; path = Images.xcassets; sourceTree = "<group>"; };
		592CEA6B1858CE8400BFE7BE /* FitbitNotifierTests.xctest */ = {isa = PBXFileReference; explicitFileType = wrapper.cfbundle; includeInIndex = 0; path = FitbitNotifierTests.xctest; sourceTree = BUILT_PRODUCTS_DIR; };
		592CEA6C1858CE8400BFE7BE /* XCTest.framework */ = {isa = PBXFileReference; lastKnownFileType = wrapper.framework; name = XCTest.framework; path = Library/Frameworks/XCTest.framework; sourceTree = DEVELOPER_DIR; };
		592CEA731858CE8400BFE7BE /* FitbitNotifierTests-Info.plist */ = {isa = PBXFileReference; lastKnownFileType = text.plist.xml; path = "FitbitNotifierTests-Info.plist"; sourceTree = "<group>"; };
		592CEA751858CE8400BFE7BE /* en */ = {isa = PBXFileReference; lastKnownFileType = text.plist.strings; name = en; path = en.lproj/InfoPlist.strings; sourceTree = "<group>"; };
		592CEA771858CE8400BFE7BE /* FitbitNotifierTests.m */ = {isa = PBXFileReference; lastKnownFileType = sourcecode.c.objc; path = FitbitNotifierTests.m; sourceTree = "<group>"; };
		592CEA811858D42900BFE7BE /* NotifIco.png */ = {isa = PBXFileReference; lastKnownFileType = image.png; path = NotifIco.png; sourceTree = "<group>"; };
		592CEA831858D6B400BFE7BE /* FitbitAPIConnection.h */ = {isa = PBXFileReference; fileEncoding = 4; lastKnownFileType = sourcecode.c.h; path = FitbitAPIConnection.h; sourceTree = "<group>"; };
		592CEA841858D6B400BFE7BE /* FitbitAPIConnection.m */ = {isa = PBXFileReference; fileEncoding = 4; lastKnownFileType = sourcecode.c.objc; path = FitbitAPIConnection.m; sourceTree = "<group>"; };
		5979BE9E185905A800A905F3 /* NSMutableURLRequest+Parameters.h */ = {isa = PBXFileReference; fileEncoding = 4; lastKnownFileType = sourcecode.c.h; path = "NSMutableURLRequest+Parameters.h"; sourceTree = "<group>"; };
		5979BE9F185905A800A905F3 /* NSMutableURLRequest+Parameters.m */ = {isa = PBXFileReference; fileEncoding = 4; lastKnownFileType = sourcecode.c.objc; path = "NSMutableURLRequest+Parameters.m"; sourceTree = "<group>"; };
		5979BEA0185905A800A905F3 /* NSString+URLEncoding.h */ = {isa = PBXFileReference; fileEncoding = 4; lastKnownFileType = sourcecode.c.h; path = "NSString+URLEncoding.h"; sourceTree = "<group>"; };
		5979BEA1185905A800A905F3 /* NSString+URLEncoding.m */ = {isa = PBXFileReference; fileEncoding = 4; lastKnownFileType = sourcecode.c.objc; path = "NSString+URLEncoding.m"; sourceTree = "<group>"; };
		5979BEA2185905A800A905F3 /* NSURL+Base.h */ = {isa = PBXFileReference; fileEncoding = 4; lastKnownFileType = sourcecode.c.h; path = "NSURL+Base.h"; sourceTree = "<group>"; };
		5979BEA3185905A800A905F3 /* NSURL+Base.m */ = {isa = PBXFileReference; fileEncoding = 4; lastKnownFileType = sourcecode.c.objc; path = "NSURL+Base.m"; sourceTree = "<group>"; };
		5979BEA4185905A800A905F3 /* Base64Transcoder.c */ = {isa = PBXFileReference; fileEncoding = 4; lastKnownFileType = sourcecode.c.c; path = Base64Transcoder.c; sourceTree = "<group>"; };
		5979BEA5185905A800A905F3 /* Base64Transcoder.h */ = {isa = PBXFileReference; fileEncoding = 4; lastKnownFileType = sourcecode.c.h; path = Base64Transcoder.h; sourceTree = "<group>"; };
		5979BEA6185905A800A905F3 /* OAAsynchronousDataFetcher.h */ = {isa = PBXFileReference; fileEncoding = 4; lastKnownFileType = sourcecode.c.h; path = OAAsynchronousDataFetcher.h; sourceTree = "<group>"; };
		5979BEA7185905A800A905F3 /* OAAsynchronousDataFetcher.m */ = {isa = PBXFileReference; fileEncoding = 4; lastKnownFileType = sourcecode.c.objc; path = OAAsynchronousDataFetcher.m; sourceTree = "<group>"; };
		5979BEA8185905A800A905F3 /* OAConsumer.h */ = {isa = PBXFileReference; fileEncoding = 4; lastKnownFileType = sourcecode.c.h; path = OAConsumer.h; sourceTree = "<group>"; };
		5979BEA9185905A800A905F3 /* OAConsumer.m */ = {isa = PBXFileReference; fileEncoding = 4; lastKnownFileType = sourcecode.c.objc; path = OAConsumer.m; sourceTree = "<group>"; };
		5979BEAA185905A800A905F3 /* OADataFetcher.h */ = {isa = PBXFileReference; fileEncoding = 4; lastKnownFileType = sourcecode.c.h; path = OADataFetcher.h; sourceTree = "<group>"; };
		5979BEAB185905A800A905F3 /* OADataFetcher.m */ = {isa = PBXFileReference; fileEncoding = 4; lastKnownFileType = sourcecode.c.objc; path = OADataFetcher.m; sourceTree = "<group>"; };
		5979BEAC185905A800A905F3 /* OAHMAC_SHA1SignatureProvider.h */ = {isa = PBXFileReference; fileEncoding = 4; lastKnownFileType = sourcecode.c.h; path = OAHMAC_SHA1SignatureProvider.h; sourceTree = "<group>"; };
		5979BEAD185905A800A905F3 /* OAHMAC_SHA1SignatureProvider.m */ = {isa = PBXFileReference; fileEncoding = 4; lastKnownFileType = sourcecode.c.objc; path = OAHMAC_SHA1SignatureProvider.m; sourceTree = "<group>"; };
		5979BEAE185905A800A905F3 /* OAMutableURLRequest.h */ = {isa = PBXFileReference; fileEncoding = 4; lastKnownFileType = sourcecode.c.h; path = OAMutableURLRequest.h; sourceTree = "<group>"; };
		5979BEAF185905A800A905F3 /* OAMutableURLRequest.m */ = {isa = PBXFileReference; fileEncoding = 4; lastKnownFileType = sourcecode.c.objc; path = OAMutableURLRequest.m; sourceTree = "<group>"; };
		5979BEB0185905A800A905F3 /* OAPlaintextSignatureProvider.h */ = {isa = PBXFileReference; fileEncoding = 4; lastKnownFileType = sourcecode.c.h; path = OAPlaintextSignatureProvider.h; sourceTree = "<group>"; };
		5979BEB1185905A800A905F3 /* OAPlaintextSignatureProvider.m */ = {isa = PBXFileReference; fileEncoding = 4; lastKnownFileType = sourcecode.c.objc; path = OAPlaintextSignatureProvider.m; sourceTree = "<group>"; };
		5979BEB2185905A800A905F3 /* OARequestParameter.h */ = {isa = PBXFileReference; fileEncoding = 4; lastKnownFileType = sourcecode.c.h; path = OARequestParameter.h; sourceTree = "<group>"; };
		5979BEB3185905A800A905F3 /* OARequestParameter.m */ = {isa = PBXFileReference; fileEncoding = 4; lastKnownFileType = sourcecode.c.objc; path = OARequestParameter.m; sourceTree = "<group>"; };
		5979BEB4185905A800A905F3 /* OAServiceTicket.h */ = {isa = PBXFileReference; fileEncoding = 4; lastKnownFileType = sourcecode.c.h; path = OAServiceTicket.h; sourceTree = "<group>"; };
		5979BEB5185905A800A905F3 /* OAServiceTicket.m */ = {isa = PBXFileReference; fileEncoding = 4; lastKnownFileType = sourcecode.c.objc; path = OAServiceTicket.m; sourceTree = "<group>"; };
		5979BEB6185905A800A905F3 /* OASignatureProviding.h */ = {isa = PBXFileReference; fileEncoding = 4; lastKnownFileType = sourcecode.c.h; path = OASignatureProviding.h; sourceTree = "<group>"; };
		5979BEB7185905A800A905F3 /* OAToken.h */ = {isa = PBXFileReference; fileEncoding = 4; lastKnownFileType = sourcecode.c.h; path = OAToken.h; sourceTree = "<group>"; };
		5979BEB8185905A800A905F3 /* OAToken.m */ = {isa = PBXFileReference; fileEncoding = 4; lastKnownFileType = sourcecode.c.objc; path = OAToken.m; sourceTree = "<group>"; };
		5979BEB9185905A800A905F3 /* OAuthConsumer.h */ = {isa = PBXFileReference; fileEncoding = 4; lastKnownFileType = sourcecode.c.h; path = OAuthConsumer.h; sourceTree = "<group>"; };
		599E056D1858DDA5007FB373 /* Constants.h */ = {isa = PBXFileReference; fileEncoding = 4; lastKnownFileType = sourcecode.c.h; path = Constants.h; sourceTree = "<group>"; };
		599E05A11858E682007FB373 /* Security.framework */ = {isa = PBXFileReference; lastKnownFileType = wrapper.framework; name = Security.framework; path = System/Library/Frameworks/Security.framework; sourceTree = SDKROOT; };
		599E05A31858E689007FB373 /* SystemConfiguration.framework */ = {isa = PBXFileReference; lastKnownFileType = wrapper.framework; name = SystemConfiguration.framework; path = System/Library/Frameworks/SystemConfiguration.framework; sourceTree = SDKROOT; };
		599E05A51858E730007FB373 /* WebKit.framework */ = {isa = PBXFileReference; lastKnownFileType = wrapper.framework; name = WebKit.framework; path = System/Library/Frameworks/WebKit.framework; sourceTree = SDKROOT; };
/* End PBXFileReference section */

/* Begin PBXFrameworksBuildPhase section */
		592CEA471858CE8400BFE7BE /* Frameworks */ = {
			isa = PBXFrameworksBuildPhase;
			buildActionMask = 2147483647;
			files = (
				599E05A61858E731007FB373 /* WebKit.framework in Frameworks */,
				599E05A41858E689007FB373 /* SystemConfiguration.framework in Frameworks */,
				599E05A21858E682007FB373 /* Security.framework in Frameworks */,
				592CEA4E1858CE8400BFE7BE /* Cocoa.framework in Frameworks */,
			);
			runOnlyForDeploymentPostprocessing = 0;
		};
		592CEA681858CE8400BFE7BE /* Frameworks */ = {
			isa = PBXFrameworksBuildPhase;
			buildActionMask = 2147483647;
			files = (
				592CEA6E1858CE8400BFE7BE /* Cocoa.framework in Frameworks */,
				592CEA6D1858CE8400BFE7BE /* XCTest.framework in Frameworks */,
			);
			runOnlyForDeploymentPostprocessing = 0;
		};
/* End PBXFrameworksBuildPhase section */

/* Begin PBXGroup section */
		592CEA411858CE8400BFE7BE = {
			isa = PBXGroup;
			children = (
				592CEA531858CE8400BFE7BE /* FitbitNotifier */,
				592CEA711858CE8400BFE7BE /* FitbitNotifierTests */,
				592CEA4C1858CE8400BFE7BE /* Frameworks */,
				592CEA4B1858CE8400BFE7BE /* Products */,
			);
			sourceTree = "<group>";
		};
		592CEA4B1858CE8400BFE7BE /* Products */ = {
			isa = PBXGroup;
			children = (
				592CEA4A1858CE8400BFE7BE /* FitbitNotifier.app */,
				592CEA6B1858CE8400BFE7BE /* FitbitNotifierTests.xctest */,
			);
			name = Products;
			sourceTree = "<group>";
		};
		592CEA4C1858CE8400BFE7BE /* Frameworks */ = {
			isa = PBXGroup;
			children = (
				599E05A51858E730007FB373 /* WebKit.framework */,
				599E05A31858E689007FB373 /* SystemConfiguration.framework */,
				599E05A11858E682007FB373 /* Security.framework */,
				592CEA4D1858CE8400BFE7BE /* Cocoa.framework */,
				592CEA6C1858CE8400BFE7BE /* XCTest.framework */,
				592CEA4F1858CE8400BFE7BE /* Other Frameworks */,
			);
			name = Frameworks;
			sourceTree = "<group>";
		};
		592CEA4F1858CE8400BFE7BE /* Other Frameworks */ = {
			isa = PBXGroup;
			children = (
				592CEA501858CE8400BFE7BE /* AppKit.framework */,
				592CEA511858CE8400BFE7BE /* CoreData.framework */,
				592CEA521858CE8400BFE7BE /* Foundation.framework */,
			);
			name = "Other Frameworks";
			sourceTree = "<group>";
		};
		592CEA531858CE8400BFE7BE /* FitbitNotifier */ = {
			isa = PBXGroup;
			children = (
				5979BE9D1859057E00A905F3 /* External */,
				592CEA831858D6B400BFE7BE /* FitbitAPIConnection.h */,
				592CEA841858D6B400BFE7BE /* FitbitAPIConnection.m */,
				592CEA5F1858CE8400BFE7BE /* AppDelegate.h */,
				592CEA601858CE8400BFE7BE /* AppDelegate.m */,
				599E056D1858DDA5007FB373 /* Constants.h */,
				592CEA621858CE8400BFE7BE /* MainMenu.xib */,
				592CEA651858CE8400BFE7BE /* Images.xcassets */,
				592CEA541858CE8400BFE7BE /* Supporting Files */,
			);
			path = FitbitNotifier;
			sourceTree = "<group>";
		};
		592CEA541858CE8400BFE7BE /* Supporting Files */ = {
			isa = PBXGroup;
			children = (
				592CEA811858D42900BFE7BE /* NotifIco.png */,
				592CEA551858CE8400BFE7BE /* FitbitNotifier-Info.plist */,
				592CEA561858CE8400BFE7BE /* InfoPlist.strings */,
				592CEA591858CE8400BFE7BE /* main.m */,
				592CEA5B1858CE8400BFE7BE /* FitbitNotifier-Prefix.pch */,
				592CEA5C1858CE8400BFE7BE /* Credits.rtf */,
			);
			name = "Supporting Files";
			sourceTree = "<group>";
		};
		592CEA711858CE8400BFE7BE /* FitbitNotifierTests */ = {
			isa = PBXGroup;
			children = (
				592CEA771858CE8400BFE7BE /* FitbitNotifierTests.m */,
				592CEA721858CE8400BFE7BE /* Supporting Files */,
			);
			path = FitbitNotifierTests;
			sourceTree = "<group>";
		};
		592CEA721858CE8400BFE7BE /* Supporting Files */ = {
			isa = PBXGroup;
			children = (
				592CEA731858CE8400BFE7BE /* FitbitNotifierTests-Info.plist */,
				592CEA741858CE8400BFE7BE /* InfoPlist.strings */,
			);
			name = "Supporting Files";
			sourceTree = "<group>";
		};
		5979BE9D1859057E00A905F3 /* External */ = {
			isa = PBXGroup;
			children = (
				5979BE9E185905A800A905F3 /* NSMutableURLRequest+Parameters.h */,
				5979BE9F185905A800A905F3 /* NSMutableURLRequest+Parameters.m */,
				5979BEA0185905A800A905F3 /* NSString+URLEncoding.h */,
				5979BEA1185905A800A905F3 /* NSString+URLEncoding.m */,
				5979BEA2185905A800A905F3 /* NSURL+Base.h */,
				5979BEA3185905A800A905F3 /* NSURL+Base.m */,
				5979BEA4185905A800A905F3 /* Base64Transcoder.c */,
				5979BEA5185905A800A905F3 /* Base64Transcoder.h */,
				5979BEA6185905A800A905F3 /* OAAsynchronousDataFetcher.h */,
				5979BEA7185905A800A905F3 /* OAAsynchronousDataFetcher.m */,
				5979BEA8185905A800A905F3 /* OAConsumer.h */,
				5979BEA9185905A800A905F3 /* OAConsumer.m */,
				5979BEAA185905A800A905F3 /* OADataFetcher.h */,
				5979BEAB185905A800A905F3 /* OADataFetcher.m */,
				5979BEAC185905A800A905F3 /* OAHMAC_SHA1SignatureProvider.h */,
				5979BEAD185905A800A905F3 /* OAHMAC_SHA1SignatureProvider.m */,
				5979BEAE185905A800A905F3 /* OAMutableURLRequest.h */,
				5979BEAF185905A800A905F3 /* OAMutableURLRequest.m */,
				5979BEB0185905A800A905F3 /* OAPlaintextSignatureProvider.h */,
				5979BEB1185905A800A905F3 /* OAPlaintextSignatureProvider.m */,
				5979BEB2185905A800A905F3 /* OARequestParameter.h */,
				5979BEB3185905A800A905F3 /* OARequestParameter.m */,
				5979BEB4185905A800A905F3 /* OAServiceTicket.h */,
				5979BEB5185905A800A905F3 /* OAServiceTicket.m */,
				5979BEB6185905A800A905F3 /* OASignatureProviding.h */,
				5979BEB7185905A800A905F3 /* OAToken.h */,
				5979BEB8185905A800A905F3 /* OAToken.m */,
				5979BEB9185905A800A905F3 /* OAuthConsumer.h */,
			);
			name = External;
			sourceTree = "<group>";
		};
/* End PBXGroup section */

/* Begin PBXNativeTarget section */
		592CEA491858CE8400BFE7BE /* FitbitNotifier */ = {
			isa = PBXNativeTarget;
			buildConfigurationList = 592CEA7B1858CE8400BFE7BE /* Build configuration list for PBXNativeTarget "FitbitNotifier" */;
			buildPhases = (
				592CEA461858CE8400BFE7BE /* Sources */,
				592CEA471858CE8400BFE7BE /* Frameworks */,
				592CEA481858CE8400BFE7BE /* Resources */,
			);
			buildRules = (
			);
			dependencies = (
			);
			name = FitbitNotifier;
			productName = FitbitNotifier;
			productReference = 592CEA4A1858CE8400BFE7BE /* FitbitNotifier.app */;
			productType = "com.apple.product-type.application";
		};
		592CEA6A1858CE8400BFE7BE /* FitbitNotifierTests */ = {
			isa = PBXNativeTarget;
			buildConfigurationList = 592CEA7E1858CE8400BFE7BE /* Build configuration list for PBXNativeTarget "FitbitNotifierTests" */;
			buildPhases = (
				592CEA671858CE8400BFE7BE /* Sources */,
				592CEA681858CE8400BFE7BE /* Frameworks */,
				592CEA691858CE8400BFE7BE /* Resources */,
			);
			buildRules = (
			);
			dependencies = (
				592CEA701858CE8400BFE7BE /* PBXTargetDependency */,
			);
			name = FitbitNotifierTests;
			productName = FitbitNotifierTests;
			productReference = 592CEA6B1858CE8400BFE7BE /* FitbitNotifierTests.xctest */;
			productType = "com.apple.product-type.bundle.unit-test";
		};
/* End PBXNativeTarget section */

/* Begin PBXProject section */
		592CEA421858CE8400BFE7BE /* Project object */ = {
			isa = PBXProject;
			attributes = {
				LastUpgradeCheck = 0500;
				ORGANIZATIONNAME = "James Snee";
				TargetAttributes = {
					592CEA6A1858CE8400BFE7BE = {
						TestTargetID = 592CEA491858CE8400BFE7BE;
					};
				};
			};
			buildConfigurationList = 592CEA451858CE8400BFE7BE /* Build configuration list for PBXProject "FitbitNotifier" */;
			compatibilityVersion = "Xcode 3.2";
			developmentRegion = English;
			hasScannedForEncodings = 0;
			knownRegions = (
				en,
				Base,
			);
			mainGroup = 592CEA411858CE8400BFE7BE;
			productRefGroup = 592CEA4B1858CE8400BFE7BE /* Products */;
			projectDirPath = "";
			projectRoot = "";
			targets = (
				592CEA491858CE8400BFE7BE /* FitbitNotifier */,
				592CEA6A1858CE8400BFE7BE /* FitbitNotifierTests */,
			);
		};
/* End PBXProject section */

/* Begin PBXResourcesBuildPhase section */
		592CEA481858CE8400BFE7BE /* Resources */ = {
			isa = PBXResourcesBuildPhase;
			buildActionMask = 2147483647;
			files = (
				592CEA581858CE8400BFE7BE /* InfoPlist.strings in Resources */,
				592CEA661858CE8400BFE7BE /* Images.xcassets in Resources */,
				592CEA5E1858CE8400BFE7BE /* Credits.rtf in Resources */,
				592CEA821858D42900BFE7BE /* NotifIco.png in Resources */,
				592CEA641858CE8400BFE7BE /* MainMenu.xib in Resources */,
			);
			runOnlyForDeploymentPostprocessing = 0;
		};
		592CEA691858CE8400BFE7BE /* Resources */ = {
			isa = PBXResourcesBuildPhase;
			buildActionMask = 2147483647;
			files = (
				592CEA761858CE8400BFE7BE /* InfoPlist.strings in Resources */,
			);
			runOnlyForDeploymentPostprocessing = 0;
		};
/* End PBXResourcesBuildPhase section */

/* Begin PBXSourcesBuildPhase section */
		592CEA461858CE8400BFE7BE /* Sources */ = {
			isa = PBXSourcesBuildPhase;
			buildActionMask = 2147483647;
			files = (
				5979BEC5185905A800A905F3 /* OAServiceTicket.m in Sources */,
				5979BEBD185905A800A905F3 /* Base64Transcoder.c in Sources */,
				5979BEBB185905A800A905F3 /* NSString+URLEncoding.m in Sources */,
				5979BEC1185905A800A905F3 /* OAHMAC_SHA1SignatureProvider.m in Sources */,
				592CEA851858D6B400BFE7BE /* FitbitAPIConnection.m in Sources */,
				5979BEC6185905A800A905F3 /* OAToken.m in Sources */,
				592CEA611858CE8400BFE7BE /* AppDelegate.m in Sources */,
				5979BEBA185905A800A905F3 /* NSMutableURLRequest+Parameters.m in Sources */,
				5979BEC3185905A800A905F3 /* OAPlaintextSignatureProvider.m in Sources */,
				5979BEC4185905A800A905F3 /* OARequestParameter.m in Sources */,
				5979BEC2185905A800A905F3 /* OAMutableURLRequest.m in Sources */,
				5979BEBE185905A800A905F3 /* OAAsynchronousDataFetcher.m in Sources */,
				5979BEBF185905A800A905F3 /* OAConsumer.m in Sources */,
				592CEA5A1858CE8400BFE7BE /* main.m in Sources */,
				5979BEBC185905A800A905F3 /* NSURL+Base.m in Sources */,
				5979BEC0185905A800A905F3 /* OADataFetcher.m in Sources */,
			);
			runOnlyForDeploymentPostprocessing = 0;
		};
		592CEA671858CE8400BFE7BE /* Sources */ = {
			isa = PBXSourcesBuildPhase;
			buildActionMask = 2147483647;
			files = (
				592CEA781858CE8400BFE7BE /* FitbitNotifierTests.m in Sources */,
			);
			runOnlyForDeploymentPostprocessing = 0;
		};
/* End PBXSourcesBuildPhase section */

/* Begin PBXTargetDependency section */
		592CEA701858CE8400BFE7BE /* PBXTargetDependency */ = {
			isa = PBXTargetDependency;
			target = 592CEA491858CE8400BFE7BE /* FitbitNotifier */;
			targetProxy = 592CEA6F1858CE8400BFE7BE /* PBXContainerItemProxy */;
		};
/* End PBXTargetDependency section */

/* Begin PBXVariantGroup section */
		592CEA561858CE8400BFE7BE /* InfoPlist.strings */ = {
			isa = PBXVariantGroup;
			children = (
				592CEA571858CE8400BFE7BE /* en */,
			);
			name = InfoPlist.strings;
			sourceTree = "<group>";
		};
		592CEA5C1858CE8400BFE7BE /* Credits.rtf */ = {
			isa = PBXVariantGroup;
			children = (
				592CEA5D1858CE8400BFE7BE /* en */,
			);
			name = Credits.rtf;
			sourceTree = "<group>";
		};
		592CEA621858CE8400BFE7BE /* MainMenu.xib */ = {
			isa = PBXVariantGroup;
			children = (
				592CEA631858CE8400BFE7BE /* Base */,
			);
			name = MainMenu.xib;
			sourceTree = "<group>";
		};
		592CEA741858CE8400BFE7BE /* InfoPlist.strings */ = {
			isa = PBXVariantGroup;
			children = (
				592CEA751858CE8400BFE7BE /* en */,
			);
			name = InfoPlist.strings;
			sourceTree = "<group>";
		};
/* End PBXVariantGroup section */

/* Begin XCBuildConfiguration section */
		592CEA791858CE8400BFE7BE /* Debug */ = {
			isa = XCBuildConfiguration;
			buildSettings = {
				ALWAYS_SEARCH_USER_PATHS = NO;
				CLANG_CXX_LANGUAGE_STANDARD = "gnu++0x";
				CLANG_CXX_LIBRARY = "libc++";
				CLANG_ENABLE_OBJC_ARC = YES;
				CLANG_WARN_BOOL_CONVERSION = YES;
				CLANG_WARN_CONSTANT_CONVERSION = YES;
				CLANG_WARN_DIRECT_OBJC_ISA_USAGE = YES_ERROR;
				CLANG_WARN_EMPTY_BODY = YES;
				CLANG_WARN_ENUM_CONVERSION = YES;
				CLANG_WARN_INT_CONVERSION = YES;
				CLANG_WARN_OBJC_ROOT_CLASS = YES_ERROR;
				CLANG_WARN__DUPLICATE_METHOD_MATCH = YES;
				COPY_PHASE_STRIP = NO;
				GCC_C_LANGUAGE_STANDARD = gnu99;
				GCC_DYNAMIC_NO_PIC = NO;
				GCC_ENABLE_OBJC_EXCEPTIONS = YES;
				GCC_OPTIMIZATION_LEVEL = 0;
				GCC_PREPROCESSOR_DEFINITIONS = (
					"DEBUG=1",
					"$(inherited)",
				);
				GCC_SYMBOLS_PRIVATE_EXTERN = NO;
				GCC_WARN_64_TO_32_BIT_CONVERSION = YES;
				GCC_WARN_ABOUT_RETURN_TYPE = YES_ERROR;
				GCC_WARN_UNDECLARED_SELECTOR = YES;
				GCC_WARN_UNINITIALIZED_AUTOS = YES;
				GCC_WARN_UNUSED_FUNCTION = YES;
				GCC_WARN_UNUSED_VARIABLE = YES;
				MACOSX_DEPLOYMENT_TARGET = 10.9;
				ONLY_ACTIVE_ARCH = YES;
				SDKROOT = macosx;
			};
			name = Debug;
		};
		592CEA7A1858CE8400BFE7BE /* Release */ = {
			isa = XCBuildConfiguration;
			buildSettings = {
				ALWAYS_SEARCH_USER_PATHS = NO;
				CLANG_CXX_LANGUAGE_STANDARD = "gnu++0x";
				CLANG_CXX_LIBRARY = "libc++";
				CLANG_ENABLE_OBJC_ARC = YES;
				CLANG_WARN_BOOL_CONVERSION = YES;
				CLANG_WARN_CONSTANT_CONVERSION = YES;
				CLANG_WARN_DIRECT_OBJC_ISA_USAGE = YES_ERROR;
				CLANG_WARN_EMPTY_BODY = YES;
				CLANG_WARN_ENUM_CONVERSION = YES;
				CLANG_WARN_INT_CONVERSION = YES;
				CLANG_WARN_OBJC_ROOT_CLASS = YES_ERROR;
				CLANG_WARN__DUPLICATE_METHOD_MATCH = YES;
				COPY_PHASE_STRIP = YES;
				DEBUG_INFORMATION_FORMAT = "dwarf-with-dsym";
				ENABLE_NS_ASSERTIONS = NO;
				GCC_C_LANGUAGE_STANDARD = gnu99;
				GCC_ENABLE_OBJC_EXCEPTIONS = YES;
				GCC_WARN_64_TO_32_BIT_CONVERSION = YES;
				GCC_WARN_ABOUT_RETURN_TYPE = YES_ERROR;
				GCC_WARN_UNDECLARED_SELECTOR = YES;
				GCC_WARN_UNINITIALIZED_AUTOS = YES;
				GCC_WARN_UNUSED_FUNCTION = YES;
				GCC_WARN_UNUSED_VARIABLE = YES;
				MACOSX_DEPLOYMENT_TARGET = 10.9;
				SDKROOT = macosx;
			};
			name = Release;
		};
		592CEA7C1858CE8400BFE7BE /* Debug */ = {
			isa = XCBuildConfiguration;
			buildSettings = {
				ASSETCATALOG_COMPILER_APPICON_NAME = AppIcon;
				COMBINE_HIDPI_IMAGES = YES;
				FRAMEWORK_SEARCH_PATHS = (
					"$(inherited)",
					/Users/jamessnee/Documents/Workspace/FitbitNotifier,
					"/Users/jamessnee/Desktop/GTMOAuthNonGoogle.49/GTMOAuthNonGoogle.framework\\ 11-12-2013\\ 18.12/Users/jamessnee/Library/Frameworks",
				);
				GCC_PRECOMPILE_PREFIX_HEADER = YES;
				GCC_PREFIX_HEADER = "FitbitNotifier/FitbitNotifier-Prefix.pch";
				INFOPLIST_FILE = "FitbitNotifier/FitbitNotifier-Info.plist";
				PRODUCT_NAME = "$(TARGET_NAME)";
				WRAPPER_EXTENSION = app;
			};
			name = Debug;
		};
		592CEA7D1858CE8400BFE7BE /* Release */ = {
			isa = XCBuildConfiguration;
			buildSettings = {
				ASSETCATALOG_COMPILER_APPICON_NAME = AppIcon;
				COMBINE_HIDPI_IMAGES = YES;
				FRAMEWORK_SEARCH_PATHS = (
					"$(inherited)",
					/Users/jamessnee/Documents/Workspace/FitbitNotifier,
					"/Users/jamessnee/Desktop/GTMOAuthNonGoogle.49/GTMOAuthNonGoogle.framework\\ 11-12-2013\\ 18.12/Users/jamessnee/Library/Frameworks",
				);
				GCC_PRECOMPILE_PREFIX_HEADER = YES;
				GCC_PREFIX_HEADER = "FitbitNotifier/FitbitNotifier-Prefix.pch";
				INFOPLIST_FILE = "FitbitNotifier/FitbitNotifier-Info.plist";
				PRODUCT_NAME = "$(TARGET_NAME)";
				WRAPPER_EXTENSION = app;
			};
			name = Release;
		};
		592CEA7F1858CE8400BFE7BE /* Debug */ = {
			isa = XCBuildConfiguration;
			buildSettings = {
				BUNDLE_LOADER = "$(BUILT_PRODUCTS_DIR)/FitbitNotifier.app/Contents/MacOS/FitbitNotifier";
				COMBINE_HIDPI_IMAGES = YES;
				FRAMEWORK_SEARCH_PATHS = (
					"$(DEVELOPER_FRAMEWORKS_DIR)",
					"$(inherited)",
				);
				GCC_PRECOMPILE_PREFIX_HEADER = YES;
				GCC_PREFIX_HEADER = "FitbitNotifier/FitbitNotifier-Prefix.pch";
				GCC_PREPROCESSOR_DEFINITIONS = (
					"DEBUG=1",
					"$(inherited)",
				);
				INFOPLIST_FILE = "FitbitNotifierTests/FitbitNotifierTests-Info.plist";
				PRODUCT_NAME = "$(TARGET_NAME)";
				TEST_HOST = "$(BUNDLE_LOADER)";
				WRAPPER_EXTENSION = xctest;
			};
			name = Debug;
		};
		592CEA801858CE8400BFE7BE /* Release */ = {
			isa = XCBuildConfiguration;
			buildSettings = {
				BUNDLE_LOADER = "$(BUILT_PRODUCTS_DIR)/FitbitNotifier.app/Contents/MacOS/FitbitNotifier";
				COMBINE_HIDPI_IMAGES = YES;
				FRAMEWORK_SEARCH_PATHS = (
					"$(DEVELOPER_FRAMEWORKS_DIR)",
					"$(inherited)",
				);
				GCC_PRECOMPILE_PREFIX_HEADER = YES;
				GCC_PREFIX_HEADER = "FitbitNotifier/FitbitNotifier-Prefix.pch";
				INFOPLIST_FILE = "FitbitNotifierTests/FitbitNotifierTests-Info.plist";
				PRODUCT_NAME = "$(TARGET_NAME)";
				TEST_HOST = "$(BUNDLE_LOADER)";
				WRAPPER_EXTENSION = xctest;
			};
			name = Release;
		};
/* End XCBuildConfiguration section */

/* Begin XCConfigurationList section */
		592CEA451858CE8400BFE7BE /* Build configuration list for PBXProject "FitbitNotifier" */ = {
			isa = XCConfigurationList;
			buildConfigurations = (
				592CEA791858CE8400BFE7BE /* Debug */,
				592CEA7A1858CE8400BFE7BE /* Release */,
			);
			defaultConfigurationIsVisible = 0;
			defaultConfigurationName = Release;
		};
		592CEA7B1858CE8400BFE7BE /* Build configuration list for PBXNativeTarget "FitbitNotifier" */ = {
			isa = XCConfigurationList;
			buildConfigurations = (
				592CEA7C1858CE8400BFE7BE /* Debug */,
				592CEA7D1858CE8400BFE7BE /* Release */,
			);
			defaultConfigurationIsVisible = 0;
			defaultConfigurationName = Release;
		};
		592CEA7E1858CE8400BFE7BE /* Build configuration list for PBXNativeTarget "FitbitNotifierTests" */ = {
			isa = XCConfigurationList;
			buildConfigurations = (
				592CEA7F1858CE8400BFE7BE /* Debug */,
				592CEA801858CE8400BFE7BE /* Release */,
			);
			defaultConfigurationIsVisible = 0;
			defaultConfigurationName = Release;
		};
/* End XCConfigurationList section */
	};
	rootObject = 592CEA421858CE8400BFE7BE /* Project object */;
}
